
Microsoft Visual Studio Solution File, Format Version 12.00
# Visual Studio Version 17
VisualStudioVersion = 17.11.35312.102
MinimumVisualStudioVersion = 10.0.40219.1
Project("{FAE04EC0-301F-11D3-BF4B-00C04F79EFBC}") = "HashDictionary.Impl", "HashDictionary.Impl\HashDictionary.Impl.csproj", "{801726AB-D86A-4504-A0F2-BD0A6EFFF972}"
EndProject
Project("{FAE04EC0-301F-11D3-BF4B-00C04F79EFBC}") = "HashDictionary.Client", "HashDictionary.Client\HashDictionary.Client.csproj", "{953B4388-26CC-40C1-A2D1-96D365B37532}"
EndProject
Project("{FAE04EC0-301F-11D3-BF4B-00C04F79EFBC}") = "HashDictionary.Tests", "HashDictionary.Tests\HashDictionary.Tests.csproj", "{AFB3CAF6-7BA0-4C2A-B900-D9F9C61BAE85}"
EndProject
Global
	GlobalSection(SolutionConfigurationPlatforms) = preSolution
		Debug|Any CPU = Debug|Any CPU
		Release|Any CPU = Release|Any CPU
	EndGlobalSection
	GlobalSection(ProjectConfigurationPlatforms) = postSolution
		{801726AB-D86A-4504-A0F2-BD0A6EFFF972}.Debug|Any CPU.ActiveCfg = Debug|Any CPU
		{801726AB-D86A-4504-A0F2-BD0A6EFFF972}.Debug|Any CPU.Build.0 = Debug|Any CPU
		{801726AB-D86A-4504-A0F2-BD0A6EFFF972}.Release|Any CPU.ActiveCfg = Release|Any CPU
		{801726AB-D86A-4504-A0F2-BD0A6EFFF972}.Release|Any CPU.Build.0 = Release|Any CPU
		{953B4388-26CC-40C1-A2D1-96D365B37532}.Debug|Any CPU.ActiveCfg = Debug|Any CPU
		{953B4388-26CC-40C1-A2D1-96D365B37532}.Debug|Any CPU.Build.0 = Debug|Any CPU
		{953B4388-26CC-40C1-A2D1-96D365B37532}.Release|Any CPU.ActiveCfg = Release|Any CPU
		{953B4388-26CC-40C1-A2D1-96D365B37532}.Release|Any CPU.Build.0 = Release|Any CPU
		{AFB3CAF6-7BA0-4C2A-B900-D9F9C61BAE85}.Debug|Any CPU.ActiveCfg = Debug|Any CPU
		{AFB3CAF6-7BA0-4C2A-B900-D9F9C61BAE85}.Debug|Any CPU.Build.0 = Debug|Any CPU
		{AFB3CAF6-7BA0-4C2A-B900-D9F9C61BAE85}.Release|Any CPU.ActiveCfg = Release|Any CPU
		{AFB3CAF6-7BA0-4C2A-B900-D9F9C61BAE85}.Release|Any CPU.Build.0 = Release|Any CPU
	EndGlobalSection
	GlobalSection(SolutionProperties) = preSolution
		HideSolutionNode = FALSE
	EndGlobalSection
	GlobalSection(ExtensibilityGlobals) = postSolution
		SolutionGuid = {3F7A5F71-D938-408A-8A2F-761D2C257CE2}
	EndGlobalSection
EndGlobal
