
Microsoft Visual Studio Solution File, Format Version 12.00
# Visual Studio Version 17
VisualStudioVersion = 17.5.002.0
MinimumVisualStudioVersion = 10.0.40219.1
Project("{9A19103F-16F7-4668-BE54-9A1E7A4F7556}") = "Dal.Common", "Dal.Common.csproj", "{5CBEC125-BC37-45E8-8C47-0BAECBC2C503}"
EndProject
Global
	GlobalSection(SolutionConfigurationPlatforms) = preSolution
		Debug|Any CPU = Debug|Any CPU
		Release|Any CPU = Release|Any CPU
	EndGlobalSection
	GlobalSection(ProjectConfigurationPlatforms) = postSolution
		{5CBEC125-BC37-45E8-8C47-0BAECBC2C503}.Debug|Any CPU.ActiveCfg = Debug|Any CPU
		{5CBEC125-BC37-45E8-8C47-0BAECBC2C503}.Debug|Any CPU.Build.0 = Debug|Any CPU
		{5CBEC125-BC37-45E8-8C47-0BAECBC2C503}.Release|Any CPU.ActiveCfg = Release|Any CPU
		{5CBEC125-BC37-45E8-8C47-0BAECBC2C503}.Release|Any CPU.Build.0 = Release|Any CPU
	EndGlobalSection
	GlobalSection(SolutionProperties) = preSolution
		HideSolutionNode = FALSE
	EndGlobalSection
	GlobalSection(ExtensibilityGlobals) = postSolution
		SolutionGuid = {70A787A0-3C6E-4331-A119-16A1567C3DD0}
	EndGlobalSection
EndGlobal
