
Microsoft Visual Studio Solution File, Format Version 12.00
# Visual Studio Version 17
VisualStudioVersion = 17.11.35312.102
MinimumVisualStudioVersion = 10.0.40219.1
Project("{FAE04EC0-301F-11D3-BF4B-00C04F79EFBC}") = "Linq", "Linq\Linq.csproj", "{A64D2CD8-6A03-41C6-A8B2-243CFC967572}"
EndProject
Project("{9A19103F-16F7-4668-BE54-9A1E7A4F7556}") = "LinqSamples.Data", "LinqSamples.Data\LinqSamples.Data.csproj", "{A67BE940-4A9E-4517-B1DB-47DAD46D07C0}"
EndProject
Global
	GlobalSection(SolutionConfigurationPlatforms) = preSolution
		Debug|Any CPU = Debug|Any CPU
		Release|Any CPU = Release|Any CPU
	EndGlobalSection
	GlobalSection(ProjectConfigurationPlatforms) = postSolution
		{A64D2CD8-6A03-41C6-A8B2-243CFC967572}.Debug|Any CPU.ActiveCfg = Debug|Any CPU
		{A64D2CD8-6A03-41C6-A8B2-243CFC967572}.Debug|Any CPU.Build.0 = Debug|Any CPU
		{A64D2CD8-6A03-41C6-A8B2-243CFC967572}.Release|Any CPU.ActiveCfg = Release|Any CPU
		{A64D2CD8-6A03-41C6-A8B2-243CFC967572}.Release|Any CPU.Build.0 = Release|Any CPU
		{A67BE940-4A9E-4517-B1DB-47DAD46D07C0}.Debug|Any CPU.ActiveCfg = Debug|Any CPU
		{A67BE940-4A9E-4517-B1DB-47DAD46D07C0}.Debug|Any CPU.Build.0 = Debug|Any CPU
		{A67BE940-4A9E-4517-B1DB-47DAD46D07C0}.Release|Any CPU.ActiveCfg = Release|Any CPU
		{A67BE940-4A9E-4517-B1DB-47DAD46D07C0}.Release|Any CPU.Build.0 = Release|Any CPU
	EndGlobalSection
	GlobalSection(SolutionProperties) = preSolution
		HideSolutionNode = FALSE
	EndGlobalSection
	GlobalSection(ExtensibilityGlobals) = postSolution
		SolutionGuid = {ABDFB6DE-0BBB-44A1-AEAC-DF23A10C7D6B}
	EndGlobalSection
EndGlobal
